
Microsoft Visual Studio Solution File, Format Version 12.00
# Visual Studio Version 17
VisualStudioVersion = 17.7.34221.43
MinimumVisualStudioVersion = 10.0.40219.1
Project("{FAE04EC0-301F-11D3-BF4B-00C04F79EFBC}") = "esercizioClasse", "esercizioClasse\esercizioClasse.csproj", "{ED469C44-DCCF-40DF-BB29-D7545808505A}"
EndProject
Global
	GlobalSection(SolutionConfigurationPlatforms) = preSolution
		Debug|Any CPU = Debug|Any CPU
		Release|Any CPU = Release|Any CPU
	EndGlobalSection
	GlobalSection(ProjectConfigurationPlatforms) = postSolution
		{ED469C44-DCCF-40DF-BB29-D7545808505A}.Debug|Any CPU.ActiveCfg = Debug|Any CPU
		{ED469C44-DCCF-40DF-BB29-D7545808505A}.Debug|Any CPU.Build.0 = Debug|Any CPU
		{ED469C44-DCCF-40DF-BB29-D7545808505A}.Release|Any CPU.ActiveCfg = Release|Any CPU
		{ED469C44-DCCF-40DF-BB29-D7545808505A}.Release|Any CPU.Build.0 = Release|Any CPU
	EndGlobalSection
	GlobalSection(SolutionProperties) = preSolution
		HideSolutionNode = FALSE
	EndGlobalSection
	GlobalSection(ExtensibilityGlobals) = postSolution
		SolutionGuid = {87557B52-339D-47B8-B605-DA3FCD394264}
	EndGlobalSection
EndGlobal
