
Microsoft Visual Studio Solution File, Format Version 12.00
# Visual Studio Version 17
VisualStudioVersion = 17.7.34221.43
MinimumVisualStudioVersion = 10.0.40219.1
Project("{FAE04EC0-301F-11D3-BF4B-00C04F79EFBC}") = "Secondo_test", "Secondo_test\Secondo_test.csproj", "{7D37C4CD-9467-4249-96F0-9FB9E88EF13B}"
EndProject
Project("{9A19103F-16F7-4668-BE54-9A1E7A4F7556}") = "esercizio uno", "..\esercizio uno\esercizio uno\esercizio uno.csproj", "{93BDCE28-F4A8-46DB-81A6-A6E46B81BAA9}"
EndProject
Global
	GlobalSection(SolutionConfigurationPlatforms) = preSolution
		Debug|Any CPU = Debug|Any CPU
		Release|Any CPU = Release|Any CPU
	EndGlobalSection
	GlobalSection(ProjectConfigurationPlatforms) = postSolution
		{7D37C4CD-9467-4249-96F0-9FB9E88EF13B}.Debug|Any CPU.ActiveCfg = Debug|Any CPU
		{7D37C4CD-9467-4249-96F0-9FB9E88EF13B}.Debug|Any CPU.Build.0 = Debug|Any CPU
		{7D37C4CD-9467-4249-96F0-9FB9E88EF13B}.Release|Any CPU.ActiveCfg = Release|Any CPU
		{7D37C4CD-9467-4249-96F0-9FB9E88EF13B}.Release|Any CPU.Build.0 = Release|Any CPU
		{93BDCE28-F4A8-46DB-81A6-A6E46B81BAA9}.Debug|Any CPU.ActiveCfg = Debug|Any CPU
		{93BDCE28-F4A8-46DB-81A6-A6E46B81BAA9}.Debug|Any CPU.Build.0 = Debug|Any CPU
		{93BDCE28-F4A8-46DB-81A6-A6E46B81BAA9}.Release|Any CPU.ActiveCfg = Release|Any CPU
		{93BDCE28-F4A8-46DB-81A6-A6E46B81BAA9}.Release|Any CPU.Build.0 = Release|Any CPU
	EndGlobalSection
	GlobalSection(SolutionProperties) = preSolution
		HideSolutionNode = FALSE
	EndGlobalSection
	GlobalSection(ExtensibilityGlobals) = postSolution
		SolutionGuid = {30329271-B8BB-4FA1-88E0-FB43F8736029}
	EndGlobalSection
EndGlobal
