
Microsoft Visual Studio Solution File, Format Version 12.00
# Visual Studio Version 17
VisualStudioVersion = 17.7.34221.43
MinimumVisualStudioVersion = 10.0.40219.1
Project("{FAE04EC0-301F-11D3-BF4B-00C04F79EFBC}") = "terzo_modulo", "terzo_modulo\terzo_modulo.csproj", "{492D902C-B105-46F5-94CF-6E8A42A033FB}"
EndProject
Global
	GlobalSection(SolutionConfigurationPlatforms) = preSolution
		Debug|Any CPU = Debug|Any CPU
		Release|Any CPU = Release|Any CPU
	EndGlobalSection
	GlobalSection(ProjectConfigurationPlatforms) = postSolution
		{492D902C-B105-46F5-94CF-6E8A42A033FB}.Debug|Any CPU.ActiveCfg = Debug|Any CPU
		{492D902C-B105-46F5-94CF-6E8A42A033FB}.Debug|Any CPU.Build.0 = Debug|Any CPU
		{492D902C-B105-46F5-94CF-6E8A42A033FB}.Release|Any CPU.ActiveCfg = Release|Any CPU
		{492D902C-B105-46F5-94CF-6E8A42A033FB}.Release|Any CPU.Build.0 = Release|Any CPU
	EndGlobalSection
	GlobalSection(SolutionProperties) = preSolution
		HideSolutionNode = FALSE
	EndGlobalSection
	GlobalSection(ExtensibilityGlobals) = postSolution
		SolutionGuid = {FBE5FBE7-E3A0-4B6F-ABF0-9BCEB3712E24}
	EndGlobalSection
EndGlobal
